
Microsoft Visual Studio Solution File, Format Version 12.00
# Visual Studio Version 17
VisualStudioVersion = 17.5.33530.505
MinimumVisualStudioVersion = 10.0.40219.1
Project("{FAE04EC0-301F-11D3-BF4B-00C04F79EFBC}") = "Wpf_Lieferdienst", "Wpf_Lieferdienst.csproj", "{7C82E3DB-231A-44FC-8108-CCB6C1707F8A}"
EndProject
Global
	GlobalSection(SolutionConfigurationPlatforms) = preSolution
		Debug|Any CPU = Debug|Any CPU
		Release|Any CPU = Release|Any CPU
	EndGlobalSection
	GlobalSection(ProjectConfigurationPlatforms) = postSolution
		{7C82E3DB-231A-44FC-8108-CCB6C1707F8A}.Debug|Any CPU.ActiveCfg = Debug|Any CPU
		{7C82E3DB-231A-44FC-8108-CCB6C1707F8A}.Debug|Any CPU.Build.0 = Debug|Any CPU
		{7C82E3DB-231A-44FC-8108-CCB6C1707F8A}.Release|Any CPU.ActiveCfg = Release|Any CPU
		{7C82E3DB-231A-44FC-8108-CCB6C1707F8A}.Release|Any CPU.Build.0 = Release|Any CPU
	EndGlobalSection
	GlobalSection(SolutionProperties) = preSolution
		HideSolutionNode = FALSE
	EndGlobalSection
	GlobalSection(ExtensibilityGlobals) = postSolution
		SolutionGuid = {CFDE9515-2EB1-4B57-93AB-A79E4528E2BB}
	EndGlobalSection
EndGlobal
